// !$*UTF8*$!
{
    archiveVersion = 1;
    classes = {
    };
    objectVersion = 56;
    objects = {
		A9BF17E0B8F74AE3B9BE09B1 /* VanoIOSApp.swift in Sources */ = {isa = PBXBuildFile; fileRef = 5305331BE696473AB81DBD30 /* VanoIOSApp.swift */; };
		B1D131860C1549BAA9D4E3A8 /* ContentView.swift in Sources */ = {isa = PBXBuildFile; fileRef = C6B8668C1E804D6183B80E86 /* ContentView.swift */; };
		102A8D770D204D7B854D3F63 /* Models.swift in Sources */ = {isa = PBXBuildFile; fileRef = 9651B6C403874407927BA258 /* Models.swift */; };
		9E1FF45EB8C24ECEB0C1D7B4 /* ModelManager.swift in Sources */ = {isa = PBXBuildFile; fileRef = A0FBF837C63D4388A6CB615B /* ModelManager.swift */; };
		70E400E0AE1943BDA0D2AA0C /* ChatStore.swift in Sources */ = {isa = PBXBuildFile; fileRef = FA239ACFE88E45E0AF631A55 /* ChatStore.swift */; };
		8C700A4D2CBF4688B2A419D5 /* InferenceManager.swift in Sources */ = {isa = PBXBuildFile; fileRef = 4EDA6DC25087440BA251F1CA /* InferenceManager.swift */; };
		F8099C85220B4F529BAD9DB8 /* VanoViewModel.swift in Sources */ = {isa = PBXBuildFile; fileRef = 07EEB7A8B943480380626747 /* VanoViewModel.swift */; };
		2B435BA5600B4F698ADFAC8C /* DownloadView.swift in Sources */ = {isa = PBXBuildFile; fileRef = 29EB6452BD274C6D806B0133 /* DownloadView.swift */; };
		9D9522B79CD641C8AB23AEB5 /* ChatListView.swift in Sources */ = {isa = PBXBuildFile; fileRef = 404560177AE14AC4825E73B6 /* ChatListView.swift */; };
		1373181318E3416DA70AF84F /* ChatView.swift in Sources */ = {isa = PBXBuildFile; fileRef = 2F8F86204A5A4511851446D1 /* ChatView.swift */; };
		0FA42BBF5F524C77A3D41963 /* SettingsView.swift in Sources */ = {isa = PBXBuildFile; fileRef = 378E8E1129EC45418CCC3993 /* SettingsView.swift */; };
		5B4EA83822964A2EB06FD83A /* Assets.xcassets in Resources */ = {isa = PBXBuildFile; fileRef = B39D87BD5D8C4994A55100CE /* Assets.xcassets */; };
		CC00000100000001AABB0001 /* llama.xcframework in Frameworks */ = {isa = PBXBuildFile; fileRef = CC00000200000001AABB0001 /* llama.xcframework */; };
		CC00000300000001AABB0001 /* llama.xcframework in Embed Frameworks */ = {isa = PBXBuildFile; fileRef = CC00000200000001AABB0001 /* llama.xcframework */; settings = {ATTRIBUTES = (CodeSignOnCopy, RemoveHeadersOnCopy, ); }; };
		5305331BE696473AB81DBD30 /* VanoIOSApp.swift */ = {isa = PBXFileReference; lastKnownFileType = sourcecode.swift; path = "VanoIOSApp.swift"; sourceTree = "<group>"; };
		C6B8668C1E804D6183B80E86 /* ContentView.swift */ = {isa = PBXFileReference; lastKnownFileType = sourcecode.swift; path = "ContentView.swift"; sourceTree = "<group>"; };
		9651B6C403874407927BA258 /* Models.swift */ = {isa = PBXFileReference; lastKnownFileType = sourcecode.swift; path = "Models.swift"; sourceTree = "<group>"; };
		A0FBF837C63D4388A6CB615B /* ModelManager.swift */ = {isa = PBXFileReference; lastKnownFileType = sourcecode.swift; path = "ModelManager.swift"; sourceTree = "<group>"; };
		FA239ACFE88E45E0AF631A55 /* ChatStore.swift */ = {isa = PBXFileReference; lastKnownFileType = sourcecode.swift; path = "ChatStore.swift"; sourceTree = "<group>"; };
		4EDA6DC25087440BA251F1CA /* InferenceManager.swift */ = {isa = PBXFileReference; lastKnownFileType = sourcecode.swift; path = "InferenceManager.swift"; sourceTree = "<group>"; };
		07EEB7A8B943480380626747 /* VanoViewModel.swift */ = {isa = PBXFileReference; lastKnownFileType = sourcecode.swift; path = "VanoViewModel.swift"; sourceTree = "<group>"; };
		29EB6452BD274C6D806B0133 /* DownloadView.swift */ = {isa = PBXFileReference; lastKnownFileType = sourcecode.swift; path = "DownloadView.swift"; sourceTree = "<group>"; };
		404560177AE14AC4825E73B6 /* ChatListView.swift */ = {isa = PBXFileReference; lastKnownFileType = sourcecode.swift; path = "ChatListView.swift"; sourceTree = "<group>"; };
		2F8F86204A5A4511851446D1 /* ChatView.swift */ = {isa = PBXFileReference; lastKnownFileType = sourcecode.swift; path = "ChatView.swift"; sourceTree = "<group>"; };
		378E8E1129EC45418CCC3993 /* SettingsView.swift */ = {isa = PBXFileReference; lastKnownFileType = sourcecode.swift; path = "SettingsView.swift"; sourceTree = "<group>"; };
		B39D87BD5D8C4994A55100CE /* Assets.xcassets */ = {isa = PBXFileReference; lastKnownFileType = folder.assetcatalog; path = Assets.xcassets; sourceTree = "<group>"; };
		07203669D11545D69B7D8D9A /* VanoIOS.app */ = {isa = PBXFileReference; explicitFileType = wrapper.application; includeInIndex = 0; path = VanoIOS.app; sourceTree = BUILT_PRODUCTS_DIR; };
		CC00000200000001AABB0001 /* llama.xcframework */ = {isa = PBXFileReference; lastKnownFileType = wrapper.xcframework; name = llama.xcframework; path = llama.xcframework; sourceTree = SOURCE_ROOT; };
		DD00000100000001AABB0001 /* llama_bridging.h */ = {isa = PBXFileReference; lastKnownFileType = sourcecode.c.h; path = llama_bridging.h; sourceTree = "<group>"; };
		471FA06B2B4244E9802D14F3 = {isa = PBXGroup; children = (9A0099225DBD44B4B269D8F1, 2DC236574C8045829389C4BF); sourceTree = "<group>"; };
		2DC236574C8045829389C4BF = {isa = PBXGroup; children = (07203669D11545D69B7D8D9A); name = Products; sourceTree = "<group>"; };
		9A0099225DBD44B4B269D8F1 = {isa = PBXGroup; children = (5305331BE696473AB81DBD30, C6B8668C1E804D6183B80E86, 6A47491FF2524E53819F760D, 3482B750BF894AD083A396F6, 95A56D535B4B4A10ADB4017C, 8BCB3AEF7BD54BFFB6AE163F, B39D87BD5D8C4994A55100CE, DD00000100000001AABB0001); path = VanoIOS; sourceTree = "<group>"; };
		6A47491FF2524E53819F760D = {isa = PBXGroup; children = (9651B6C403874407927BA258); path = Models; sourceTree = "<group>"; };
		3482B750BF894AD083A396F6 = {isa = PBXGroup; children = (A0FBF837C63D4388A6CB615B, FA239ACFE88E45E0AF631A55, 4EDA6DC25087440BA251F1CA); path = Managers; sourceTree = "<group>"; };
		95A56D535B4B4A10ADB4017C = {isa = PBXGroup; children = (07EEB7A8B943480380626747); path = ViewModels; sourceTree = "<group>"; };
		8BCB3AEF7BD54BFFB6AE163F = {isa = PBXGroup; children = (29EB6452BD274C6D806B0133, 404560177AE14AC4825E73B6, 2F8F86204A5A4511851446D1, 378E8E1129EC45418CCC3993); path = Views; sourceTree = "<group>"; };
		214E17C3EE9947CF827CBB28 /* Sources */ = {isa = PBXSourcesBuildPhase; buildActionMask = 2147483647; files = (A9BF17E0B8F74AE3B9BE09B1 /* VanoIOSApp.swift in Sources */, B1D131860C1549BAA9D4E3A8 /* ContentView.swift in Sources */, 102A8D770D204D7B854D3F63 /* Models.swift in Sources */, 9E1FF45EB8C24ECEB0C1D7B4 /* ModelManager.swift in Sources */, 70E400E0AE1943BDA0D2AA0C /* ChatStore.swift in Sources */, 8C700A4D2CBF4688B2A419D5 /* InferenceManager.swift in Sources */, F8099C85220B4F529BAD9DB8 /* VanoViewModel.swift in Sources */, 2B435BA5600B4F698ADFAC8C /* DownloadView.swift in Sources */, 9D9522B79CD641C8AB23AEB5 /* ChatListView.swift in Sources */, 1373181318E3416DA70AF84F /* ChatView.swift in Sources */, 0FA42BBF5F524C77A3D41963 /* SettingsView.swift in Sources */); runOnlyForDeploymentPostprocessing = 0; };
		F49AD5E694A046A28CCE43B7 /* Resources */ = {isa = PBXResourcesBuildPhase; buildActionMask = 2147483647; files = (5B4EA83822964A2EB06FD83A /* Assets.xcassets in Resources */); runOnlyForDeploymentPostprocessing = 0; };
		4897AF5DF0654AD7B4FE5572 /* Frameworks */ = {isa = PBXFrameworksBuildPhase; buildActionMask = 2147483647; files = (CC00000100000001AABB0001 /* LlamaFramework.xcframework in Frameworks */); runOnlyForDeploymentPostprocessing = 0; };
		CC00000400000001AABB0001 /* Embed Frameworks */ = {isa = PBXCopyFilesBuildPhase; buildActionMask = 2147483647; dstPath = ""; dstSubfolderSpec = 10; files = (CC00000300000001AABB0001 /* LlamaFramework.xcframework in Embed Frameworks */); name = "Embed Frameworks"; runOnlyForDeploymentPostprocessing = 0; };
        D11EBE403D2A48409D4493FC /* VanoIOS */ = {
            isa = PBXNativeTarget;
            buildConfigurationList = 014AB998B225496182AF8933 /* Build configuration list for PBXNativeTarget "VanoIOS" */;
            buildPhases = (
                214E17C3EE9947CF827CBB28 /* Sources */,
                4897AF5DF0654AD7B4FE5572 /* Frameworks */,
                F49AD5E694A046A28CCE43B7 /* Resources */,
                CC00000400000001AABB0001 /* Embed Frameworks */,
            );
            buildRules = (
            );
            dependencies = (
            );
            name = VanoIOS;
            productName = VanoIOS;
            productReference = 07203669D11545D69B7D8D9A /* VanoIOS.app */;
            productType = "com.apple.product-type.application";
        };
        BA2393EA8BCF4E36B5681A32 /* Project object */ = {
            isa = PBXProject;
            attributes = {
                BuildIndependentTargetsInParallel = 1;
                LastSwiftUpdateCheck = 1420;
                LastUpgradeCheck = 1420;
                TargetAttributes = {
                    D11EBE403D2A48409D4493FC = {
                        CreatedOnToolsVersion = 14.2;
                    };
                };
            };
            buildConfigurationList = 014AB998B225496182AF8933 /* Build configuration list for PBXProject "VanoIOS" */;
            compatibilityVersion = "Xcode 14.0";
            developmentRegion = en;
            hasScannedForEncodings = 0;
            knownRegions = (
                en,
                Base,
            );
            mainGroup = 471FA06B2B4244E9802D14F3;
            productRefGroup = 2DC236574C8045829389C4BF;
            projectDirPath = "";
            projectRoot = "";
            targets = (
                D11EBE403D2A48409D4493FC /* VanoIOS */,
            );
        };
        5B423520C7F3476B91C327B2 /* Debug */ = {
            isa = XCBuildConfiguration;
            buildSettings = {
                ALWAYS_SEARCH_USER_PATHS = NO;
                CLANG_ANALYZER_NONNULL = YES;
                CODE_SIGN_STYLE = Automatic;
                CURRENT_PROJECT_VERSION = 1;
                GENERATE_INFOPLIST_FILE = YES;
                INFOPLIST_FILE = VanoIOS/Info.plist;
                INFOPLIST_KEY_UIApplicationSceneManifest_Generation = YES;
                FRAMEWORK_SEARCH_PATHS = ("$(inherited)", "$(PROJECT_DIR)");
                HEADER_SEARCH_PATHS = ("$(inherited)", "$(PROJECT_DIR)/Frameworks/llama.framework/Headers", "$(SRCROOT)/llama.xcframework/ios-arm64_x86_64-simulator/llama.framework/Headers");
                IPHONEOS_DEPLOYMENT_TARGET = 15.0;
                SDKROOT = iphoneos;
                SUPPORTED_PLATFORMS = "iphoneos iphonesimulator";
                LD_RUNPATH_SEARCH_PATHS = ("$(inherited)", "@executable_path/Frameworks");
                MARKETING_VERSION = 1.12;
                PRODUCT_BUNDLE_IDENTIFIER = com.vamora.vano.ios;
                PRODUCT_NAME = "$(TARGET_NAME)";
                SWIFT_OBJC_BRIDGING_HEADER = "VanoIOS/llama_bridging.h";
                SWIFT_VERSION = 5.0;
                TARGETED_DEVICE_FAMILY = "1,2";
            };
            name = Debug;
        };
        7FBA5836F1D04BC0A15C91CA /* Release */ = {
            isa = XCBuildConfiguration;
            buildSettings = {
                ALWAYS_SEARCH_USER_PATHS = NO;
                CODE_SIGN_STYLE = Automatic;
                CURRENT_PROJECT_VERSION = 1;
                GENERATE_INFOPLIST_FILE = YES;
                INFOPLIST_FILE = VanoIOS/Info.plist;
                INFOPLIST_KEY_UIApplicationSceneManifest_Generation = YES;
                FRAMEWORK_SEARCH_PATHS = ("$(inherited)", "$(PROJECT_DIR)");
                HEADER_SEARCH_PATHS = ("$(inherited)", "$(PROJECT_DIR)/Frameworks/llama.framework/Headers", "$(SRCROOT)/llama.xcframework/ios-arm64_x86_64-simulator/llama.framework/Headers");
                IPHONEOS_DEPLOYMENT_TARGET = 15.0;
				SDKROOT = iphoneos;
				SUPPORTED_PLATFORMS = "iphoneos iphonesimulator";
                MARKETING_VERSION = 1.12;
                PRODUCT_BUNDLE_IDENTIFIER = com.vamora.vano.ios;
                PRODUCT_NAME = "$(TARGET_NAME)";
                SWIFT_OBJC_BRIDGING_HEADER = "VanoIOS/llama_bridging.h";
                SWIFT_VERSION = 5.0;
                TARGETED_DEVICE_FAMILY = "1,2";
            };
            name = Release;
        };
        014AB998B225496182AF8933 /* Build configuration list for PBXProject "VanoIOS" */ = {
            isa = XCConfigurationList;
            buildConfigurations = (
                5B423520C7F3476B91C327B2 /* Debug */,
                7FBA5836F1D04BC0A15C91CA /* Release */,
            );
            defaultConfigurationIsVisible = 0;
            defaultConfigurationName = Release;
        };

    };
    rootObject = BA2393EA8BCF4E36B5681A32 /* Project object */;
}
